
Microsoft Visual Studio Solution File, Format Version 12.00
# Visual Studio 15
VisualStudioVersion = 15.0.27130.2036
MinimumVisualStudioVersion = 10.0.40219.1
Project("{FAE04EC0-301F-11D3-BF4B-00C04F79EFBC}") = "J3Price", "J3Price\J3Price.csproj", "{E34D49F5-3931-482F-9F7B-0CEAE3F3D176}"
EndProject
Project("{FAE04EC0-301F-11D3-BF4B-00C04F79EFBC}") = "J3Price.DAL", "J3Price.DAL\J3Price.DAL.csproj", "{1957A44C-66BD-4625-BC9C-4DC40B2591E9}"
EndProject
Project("{FAE04EC0-301F-11D3-BF4B-00C04F79EFBC}") = "J3PriceModels", "J3PriceModels\J3PriceModels.csproj", "{7C390098-8CD6-4511-A81A-1559EB74EE72}"
EndProject
Project("{FAE04EC0-301F-11D3-BF4B-00C04F79EFBC}") = "J3Price.BLL", "J3Price.BLL\J3Price.BLL.csproj", "{F8B58BF7-6F10-49B5-A77A-6D439B4EA0B8}"
EndProject
Global
	GlobalSection(SolutionConfigurationPlatforms) = preSolution
		Debug|Any CPU = Debug|Any CPU
		Release|Any CPU = Release|Any CPU
	EndGlobalSection
	GlobalSection(ProjectConfigurationPlatforms) = postSolution
		{E34D49F5-3931-482F-9F7B-0CEAE3F3D176}.Debug|Any CPU.ActiveCfg = Debug|Any CPU
		{E34D49F5-3931-482F-9F7B-0CEAE3F3D176}.Debug|Any CPU.Build.0 = Debug|Any CPU
		{E34D49F5-3931-482F-9F7B-0CEAE3F3D176}.Release|Any CPU.ActiveCfg = Release|Any CPU
		{E34D49F5-3931-482F-9F7B-0CEAE3F3D176}.Release|Any CPU.Build.0 = Release|Any CPU
		{1957A44C-66BD-4625-BC9C-4DC40B2591E9}.Debug|Any CPU.ActiveCfg = Debug|Any CPU
		{1957A44C-66BD-4625-BC9C-4DC40B2591E9}.Debug|Any CPU.Build.0 = Debug|Any CPU
		{1957A44C-66BD-4625-BC9C-4DC40B2591E9}.Release|Any CPU.ActiveCfg = Release|Any CPU
		{1957A44C-66BD-4625-BC9C-4DC40B2591E9}.Release|Any CPU.Build.0 = Release|Any CPU
		{7C390098-8CD6-4511-A81A-1559EB74EE72}.Debug|Any CPU.ActiveCfg = Debug|Any CPU
		{7C390098-8CD6-4511-A81A-1559EB74EE72}.Debug|Any CPU.Build.0 = Debug|Any CPU
		{7C390098-8CD6-4511-A81A-1559EB74EE72}.Release|Any CPU.ActiveCfg = Release|Any CPU
		{7C390098-8CD6-4511-A81A-1559EB74EE72}.Release|Any CPU.Build.0 = Release|Any CPU
		{F8B58BF7-6F10-49B5-A77A-6D439B4EA0B8}.Debug|Any CPU.ActiveCfg = Debug|Any CPU
		{F8B58BF7-6F10-49B5-A77A-6D439B4EA0B8}.Debug|Any CPU.Build.0 = Debug|Any CPU
		{F8B58BF7-6F10-49B5-A77A-6D439B4EA0B8}.Release|Any CPU.ActiveCfg = Release|Any CPU
		{F8B58BF7-6F10-49B5-A77A-6D439B4EA0B8}.Release|Any CPU.Build.0 = Release|Any CPU
	EndGlobalSection
	GlobalSection(SolutionProperties) = preSolution
		HideSolutionNode = FALSE
	EndGlobalSection
	GlobalSection(ExtensibilityGlobals) = postSolution
		SolutionGuid = {38C8DE60-01CD-4EEC-897D-D7A9F7857362}
	EndGlobalSection
EndGlobal
